{
  "name": "root",
  "lockfileVersion": 2,
  "requires": true,
  "packages": {
    "": {
      "name": "root",
      "devDependencies": {
        "husky": "^9.0.11",
        "turbo": "^2.1.3"
      }
    },
    "node_modules/husky": {
      "version": "9.0.11",
      "resolved": "https://registry.npmjs.org/husky/-/husky-9.0.11.tgz",
      "integrity": "sha512-AB6lFlbwwyIqMdHYhwPe+kjOC3Oc5P3nThEoW/AaO2BX3vJDjWPFxYLxokUZOo6RNX20He3AaT8sESs9NJcmEw==",
      "dev": true,
      "bin": {
        "husky": "bin.mjs"
      },
      "engines": {
        "node": ">=18"
      },
      "funding": {
        "url": "https://github.com/sponsors/typicode"
      }
    },
    "node_modules/turbo": {
      "version": "2.1.3",
      "resolved": "https://registry.npmjs.org/turbo/-/turbo-2.1.3.tgz",
      "integrity": "sha512-lY0yj2GH2a2a3NExZ3rGe+rHUVeFE2aXuRAue57n+08E7Z7N7YCmynju0kPC1grAQzERmoLpKrmzmWd+PNiADw==",
      "dev": true,
      "license": "MIT",
      "bin": {
        "turbo": "bin/turbo"
      },
      "optionalDependencies": {
        "turbo-darwin-64": "2.1.3",
        "turbo-darwin-arm64": "2.1.3",
        "turbo-linux-64": "2.1.3",
        "turbo-linux-arm64": "2.1.3",
        "turbo-windows-64": "2.1.3",
        "turbo-windows-arm64": "2.1.3"
      }
    },
    "node_modules/turbo-darwin-64": {
      "version": "2.1.3",
      "resolved": "https://registry.npmjs.org/turbo-darwin-64/-/turbo-darwin-64-2.1.3.tgz",
      "integrity": "sha512-ouJOm0g0YyoBuhmikEujVCBGo3Zr0lbSOWFIsQtWUTItC88F2w2byhjtsYGPXQwMlTbXwmoBU2lOCfWNkeEwHQ==",
      "cpu": [
        "x64"
      ],
      "dev": true,
      "license": "MIT",
      "optional": true,
      "os": [
        "darwin"
      ]
    },
    "node_modules/turbo-darwin-arm64": {
      "version": "2.1.3",
      "resolved": "https://registry.npmjs.org/turbo-darwin-arm64/-/turbo-darwin-arm64-2.1.3.tgz",
      "integrity": "sha512-j2FOJsK4LAOtHQlb3Oom0yWB/Vi0nF1ljInr311mVzHoFAJRZtfW2fRvdZRb/lBUwjSp8be58qWHzANIcrA0OA==",
      "cpu": [
        "arm64"
      ],
      "dev": true,
      "license": "MIT",
      "optional": true,
      "os": [
        "darwin"
      ]
    },
    "node_modules/turbo-linux-64": {
      "version": "2.1.3",
      "resolved": "https://registry.npmjs.org/turbo-linux-64/-/turbo-linux-64-2.1.3.tgz",
      "integrity": "sha512-ubRHkI1gSel7H7wsmxKK8C9UlLWqg/2dkCC88LFupaK6TKgvBKqDqA0Z1M9C/escK0Jsle2k0H8bybV9OYIl4Q==",
      "cpu": [
        "x64"
      ],
      "dev": true,
      "license": "MIT",
      "optional": true,
      "os": [
        "linux"
      ]
    },
    "node_modules/turbo-linux-arm64": {
      "version": "2.1.3",
      "resolved": "https://registry.npmjs.org/turbo-linux-arm64/-/turbo-linux-arm64-2.1.3.tgz",
      "integrity": "sha512-LffUL+e5wv7BtD6DgnM2kKOlDkMo2eRjhbAjVnrCD3wi2ug0tl6NDzajnHHjtaMyOnIf4AvzSKdLWsBxafGBQA==",
      "cpu": [
        "arm64"
      ],
      "dev": true,
      "license": "MIT",
      "optional": true,
      "os": [
        "linux"
      ]
    },
    "node_modules/turbo-windows-64": {
      "version": "2.1.3",
      "resolved": "https://registry.npmjs.org/turbo-windows-64/-/turbo-windows-64-2.1.3.tgz",
      "integrity": "sha512-S9SvcZZoaq5jKr6kA6eF7/xgQhVn8Vh7PVy5lono9zybvhyL4eY++y2PaLToIgL8G9IcbLmgOC73ExNjFBg9XQ==",
      "cpu": [
        "x64"
      ],
      "dev": true,
      "license": "MIT",
      "optional": true,
      "os": [
        "win32"
      ]
    },
    "node_modules/turbo-windows-arm64": {
      "version": "2.1.3",
      "resolved": "https://registry.npmjs.org/turbo-windows-arm64/-/turbo-windows-arm64-2.1.3.tgz",
      "integrity": "sha512-twlEo8lRrGbrR6T/ZklUIquW3IlFCEtywklgVA81aIrSBm56+GEVpSrHhIlsx1hiYeSNrs+GpDwZGe+V7fvEVQ==",
      "cpu": [
        "arm64"
      ],
      "dev": true,
      "license": "MIT",
      "optional": true,
      "os": [
        "win32"
      ]
    }
  },
  "dependencies": {
    "husky": {
      "version": "9.0.11",
      "resolved": "https://registry.npmjs.org/husky/-/husky-9.0.11.tgz",
      "integrity": "sha512-AB6lFlbwwyIqMdHYhwPe+kjOC3Oc5P3nThEoW/AaO2BX3vJDjWPFxYLxokUZOo6RNX20He3AaT8sESs9NJcmEw==",
      "dev": true
    },
    "turbo": {
      "version": "2.1.3",
      "resolved": "https://registry.npmjs.org/turbo/-/turbo-2.1.3.tgz",
      "integrity": "sha512-lY0yj2GH2a2a3NExZ3rGe+rHUVeFE2aXuRAue57n+08E7Z7N7YCmynju0kPC1grAQzERmoLpKrmzmWd+PNiADw==",
      "dev": true,
      "requires": {
        "turbo-darwin-64": "2.1.3",
        "turbo-darwin-arm64": "2.1.3",
        "turbo-linux-64": "2.1.3",
        "turbo-linux-arm64": "2.1.3",
        "turbo-windows-64": "2.1.3",
        "turbo-windows-arm64": "2.1.3"
      }
    },
    "turbo-darwin-64": {
      "version": "2.1.3",
      "resolved": "https://registry.npmjs.org/turbo-darwin-64/-/turbo-darwin-64-2.1.3.tgz",
      "integrity": "sha512-ouJOm0g0YyoBuhmikEujVCBGo3Zr0lbSOWFIsQtWUTItC88F2w2byhjtsYGPXQwMlTbXwmoBU2lOCfWNkeEwHQ==",
      "dev": true,
      "optional": true
    },
    "turbo-darwin-arm64": {
      "version": "2.1.3",
      "resolved": "https://registry.npmjs.org/turbo-darwin-arm64/-/turbo-darwin-arm64-2.1.3.tgz",
      "integrity": "sha512-j2FOJsK4LAOtHQlb3Oom0yWB/Vi0nF1ljInr311mVzHoFAJRZtfW2fRvdZRb/lBUwjSp8be58qWHzANIcrA0OA==",
      "dev": true,
      "optional": true
    },
    "turbo-linux-64": {
      "version": "2.1.3",
      "resolved": "https://registry.npmjs.org/turbo-linux-64/-/turbo-linux-64-2.1.3.tgz",
      "integrity": "sha512-ubRHkI1gSel7H7wsmxKK8C9UlLWqg/2dkCC88LFupaK6TKgvBKqDqA0Z1M9C/escK0Jsle2k0H8bybV9OYIl4Q==",
      "dev": true,
      "optional": true
    },
    "turbo-linux-arm64": {
      "version": "2.1.3",
      "resolved": "https://registry.npmjs.org/turbo-linux-arm64/-/turbo-linux-arm64-2.1.3.tgz",
      "integrity": "sha512-LffUL+e5wv7BtD6DgnM2kKOlDkMo2eRjhbAjVnrCD3wi2ug0tl6NDzajnHHjtaMyOnIf4AvzSKdLWsBxafGBQA==",
      "dev": true,
      "optional": true
    },
    "turbo-windows-64": {
      "version": "2.1.3",
      "resolved": "https://registry.npmjs.org/turbo-windows-64/-/turbo-windows-64-2.1.3.tgz",
      "integrity": "sha512-S9SvcZZoaq5jKr6kA6eF7/xgQhVn8Vh7PVy5lono9zybvhyL4eY++y2PaLToIgL8G9IcbLmgOC73ExNjFBg9XQ==",
      "dev": true,
      "optional": true
    },
    "turbo-windows-arm64": {
      "version": "2.1.3",
      "resolved": "https://registry.npmjs.org/turbo-windows-arm64/-/turbo-windows-arm64-2.1.3.tgz",
      "integrity": "sha512-twlEo8lRrGbrR6T/ZklUIquW3IlFCEtywklgVA81aIrSBm56+GEVpSrHhIlsx1hiYeSNrs+GpDwZGe+V7fvEVQ==",
      "dev": true,
      "optional": true
    }
  }
}
